
Microsoft Visual Studio Solution File, Format Version 12.00
# Visual Studio 15
VisualStudioVersion = 15.0.27130.2003
MinimumVisualStudioVersion = 10.0.40219.1
Project("{FAE04EC0-301F-11D3-BF4B-00C04F79EFBC}") = "CoreAuth", "CoreAuth\CoreAuth.csproj", "{B3FC46CE-CC16-48AD-9AA1-094ADB4C3EE4}"
EndProject
Global
	GlobalSection(SolutionConfigurationPlatforms) = preSolution
		Debug|Any CPU = Debug|Any CPU
		Release|Any CPU = Release|Any CPU
	EndGlobalSection
	GlobalSection(ProjectConfigurationPlatforms) = postSolution
		{B3FC46CE-CC16-48AD-9AA1-094ADB4C3EE4}.Debug|Any CPU.ActiveCfg = Debug|Any CPU
		{B3FC46CE-CC16-48AD-9AA1-094ADB4C3EE4}.Debug|Any CPU.Build.0 = Debug|Any CPU
		{B3FC46CE-CC16-48AD-9AA1-094ADB4C3EE4}.Release|Any CPU.ActiveCfg = Release|Any CPU
		{B3FC46CE-CC16-48AD-9AA1-094ADB4C3EE4}.Release|Any CPU.Build.0 = Release|Any CPU
	EndGlobalSection
	GlobalSection(SolutionProperties) = preSolution
		HideSolutionNode = FALSE
	EndGlobalSection
	GlobalSection(ExtensibilityGlobals) = postSolution
		SolutionGuid = {E8CCBC52-2859-4E1F-B4DF-E83496DF9E56}
	EndGlobalSection
EndGlobal
